
Microsoft Visual Studio Solution File, Format Version 12.00
# Visual Studio Version 17
VisualStudioVersion = 17.9.34701.34
MinimumVisualStudioVersion = 10.0.40219.1
Project("{F14B399A-7131-4C87-9E4B-1186C45EF12D}") = "Report", "Report\Report.rptproj", "{53E09DD9-21B3-43E1-BEBB-C6EDCBD90BBF}"
EndProject
Global
	GlobalSection(SolutionConfigurationPlatforms) = preSolution
		Debug|Default = Debug|Default
		DebugLocal|Default = DebugLocal|Default
		Release|Default = Release|Default
	EndGlobalSection
	GlobalSection(ProjectConfigurationPlatforms) = postSolution
		{53E09DD9-21B3-43E1-BEBB-C6EDCBD90BBF}.Debug|Default.ActiveCfg = Debug
		{53E09DD9-21B3-43E1-BEBB-C6EDCBD90BBF}.Debug|Default.Build.0 = Debug
		{53E09DD9-21B3-43E1-BEBB-C6EDCBD90BBF}.Debug|Default.Deploy.0 = Debug
		{53E09DD9-21B3-43E1-BEBB-C6EDCBD90BBF}.DebugLocal|Default.ActiveCfg = DebugLocal
		{53E09DD9-21B3-43E1-BEBB-C6EDCBD90BBF}.DebugLocal|Default.Build.0 = DebugLocal
		{53E09DD9-21B3-43E1-BEBB-C6EDCBD90BBF}.Release|Default.ActiveCfg = Release
		{53E09DD9-21B3-43E1-BEBB-C6EDCBD90BBF}.Release|Default.Build.0 = Release
		{53E09DD9-21B3-43E1-BEBB-C6EDCBD90BBF}.Release|Default.Deploy.0 = Release
	EndGlobalSection
	GlobalSection(SolutionProperties) = preSolution
		HideSolutionNode = FALSE
	EndGlobalSection
	GlobalSection(ExtensibilityGlobals) = postSolution
		SolutionGuid = {2D4F0965-89AB-4A1A-A959-F9CD81D87E4E}
	EndGlobalSection
EndGlobal
